
Microsoft Visual Studio Solution File, Format Version 12.00
# Visual Studio Version 16
VisualStudioVersion = 16.0.28803.452
MinimumVisualStudioVersion = 10.0.40219.1
Project("{FAE04EC0-301F-11D3-BF4B-00C04F79EFBC}") = "Punto2y3", "Punto2y3\Punto2y3.csproj", "{FA6CC00B-9C20-4F23-9875-AF748F940CB4}"
EndProject
Global
	GlobalSection(SolutionConfigurationPlatforms) = preSolution
		Debug|Any CPU = Debug|Any CPU
		Release|Any CPU = Release|Any CPU
	EndGlobalSection
	GlobalSection(ProjectConfigurationPlatforms) = postSolution
		{FA6CC00B-9C20-4F23-9875-AF748F940CB4}.Debug|Any CPU.ActiveCfg = Debug|Any CPU
		{FA6CC00B-9C20-4F23-9875-AF748F940CB4}.Debug|Any CPU.Build.0 = Debug|Any CPU
		{FA6CC00B-9C20-4F23-9875-AF748F940CB4}.Release|Any CPU.ActiveCfg = Release|Any CPU
		{FA6CC00B-9C20-4F23-9875-AF748F940CB4}.Release|Any CPU.Build.0 = Release|Any CPU
	EndGlobalSection
	GlobalSection(SolutionProperties) = preSolution
		HideSolutionNode = FALSE
	EndGlobalSection
	GlobalSection(ExtensibilityGlobals) = postSolution
		SolutionGuid = {C7060606-F27A-4E7D-A3FA-BF19ADA133E1}
	EndGlobalSection
EndGlobal
